
Microsoft Visual Studio Solution File, Format Version 12.00
# Visual Studio 15
Project("{FAE04EC0-301F-11D3-BF4B-00C04F79EFBC}") = "Hankies.Domain", "Hankies.Domain.csproj", "{D5F303A2-A55F-45A5-A5D3-665515203622}"
EndProject
Project("{FAE04EC0-301F-11D3-BF4B-00C04F79EFBC}") = "Hankies.Tests", "..\..\Hankies.Tests\Hankies.Tests.csproj", "{76A91977-EC26-4999-9218-0DF204E19E92}"
EndProject
Global
	GlobalSection(SolutionConfigurationPlatforms) = preSolution
		Debug|Any CPU = Debug|Any CPU
		Release|Any CPU = Release|Any CPU
	EndGlobalSection
	GlobalSection(ProjectConfigurationPlatforms) = postSolution
		{D5F303A2-A55F-45A5-A5D3-665515203622}.Debug|Any CPU.ActiveCfg = Debug|Any CPU
		{D5F303A2-A55F-45A5-A5D3-665515203622}.Debug|Any CPU.Build.0 = Debug|Any CPU
		{D5F303A2-A55F-45A5-A5D3-665515203622}.Release|Any CPU.ActiveCfg = Release|Any CPU
		{D5F303A2-A55F-45A5-A5D3-665515203622}.Release|Any CPU.Build.0 = Release|Any CPU
		{76A91977-EC26-4999-9218-0DF204E19E92}.Debug|Any CPU.ActiveCfg = Debug|Any CPU
		{76A91977-EC26-4999-9218-0DF204E19E92}.Debug|Any CPU.Build.0 = Debug|Any CPU
		{76A91977-EC26-4999-9218-0DF204E19E92}.Release|Any CPU.ActiveCfg = Release|Any CPU
		{76A91977-EC26-4999-9218-0DF204E19E92}.Release|Any CPU.Build.0 = Release|Any CPU
	EndGlobalSection
EndGlobal
